// !$*UTF8*$!
{
	archiveVersion = 1;
	classes = {
	};
	objectVersion = 50;
	objects = {

/* Begin PBXBuildFile section */
		BB535DA823E0BF6400CB875D /* EventView.swift in Sources */ = {isa = PBXBuildFile; fileRef = BB535DA723E0BF6300CB875D /* EventView.swift */; };
		BB535DAA23E4F45400CB875D /* EventModel.swift in Sources */ = {isa = PBXBuildFile; fileRef = BB535DA923E4F45400CB875D /* EventModel.swift */; };
		BB535DAC23E4F82400CB875D /* TestData.swift in Sources */ = {isa = PBXBuildFile; fileRef = BB535DAB23E4F82400CB875D /* TestData.swift */; };
		BB535DAE23E65D8200CB875D /* APCCTabBarController.swift in Sources */ = {isa = PBXBuildFile; fileRef = BB535DAD23E65D8200CB875D /* APCCTabBarController.swift */; };
		BB56778123D93E6F00AA1496 /* AppDelegate.swift in Sources */ = {isa = PBXBuildFile; fileRef = BB56778023D93E6F00AA1496 /* AppDelegate.swift */; };
		BB56778323D93E6F00AA1496 /* SceneDelegate.swift in Sources */ = {isa = PBXBuildFile; fileRef = BB56778223D93E6F00AA1496 /* SceneDelegate.swift */; };
		BB56778523D93E6F00AA1496 /* EventViewController.swift in Sources */ = {isa = PBXBuildFile; fileRef = BB56778423D93E6F00AA1496 /* EventViewController.swift */; };
		BB56778A23D93E7100AA1496 /* Assets.xcassets in Resources */ = {isa = PBXBuildFile; fileRef = BB56778923D93E7100AA1496 /* Assets.xcassets */; };
		BB56778D23D93E7100AA1496 /* LaunchScreen.storyboard in Resources */ = {isa = PBXBuildFile; fileRef = BB56778B23D93E7100AA1496 /* LaunchScreen.storyboard */; };
		BB56779523D945B500AA1496 /* CalendarBar.swift in Sources */ = {isa = PBXBuildFile; fileRef = BB56779423D945B500AA1496 /* CalendarBar.swift */; };
		BB56779A23D94EE500AA1496 /* Default-568h@2x.png in Resources */ = {isa = PBXBuildFile; fileRef = BB56779923D94EE500AA1496 /* Default-568h@2x.png */; };
/* End PBXBuildFile section */

/* Begin PBXFileReference section */
		BB535DA723E0BF6300CB875D /* EventView.swift */ = {isa = PBXFileReference; lastKnownFileType = sourcecode.swift; path = EventView.swift; sourceTree = "<group>"; };
		BB535DA923E4F45400CB875D /* EventModel.swift */ = {isa = PBXFileReference; lastKnownFileType = sourcecode.swift; path = EventModel.swift; sourceTree = "<group>"; };
		BB535DAB23E4F82400CB875D /* TestData.swift */ = {isa = PBXFileReference; lastKnownFileType = sourcecode.swift; path = TestData.swift; sourceTree = "<group>"; };
		BB535DAD23E65D8200CB875D /* APCCTabBarController.swift */ = {isa = PBXFileReference; lastKnownFileType = sourcecode.swift; path = APCCTabBarController.swift; sourceTree = "<group>"; };
		BB56777D23D93E6F00AA1496 /* APCC.app */ = {isa = PBXFileReference; explicitFileType = wrapper.application; includeInIndex = 0; path = APCC.app; sourceTree = BUILT_PRODUCTS_DIR; };
		BB56778023D93E6F00AA1496 /* AppDelegate.swift */ = {isa = PBXFileReference; lastKnownFileType = sourcecode.swift; path = AppDelegate.swift; sourceTree = "<group>"; };
		BB56778223D93E6F00AA1496 /* SceneDelegate.swift */ = {isa = PBXFileReference; lastKnownFileType = sourcecode.swift; path = SceneDelegate.swift; sourceTree = "<group>"; };
		BB56778423D93E6F00AA1496 /* EventViewController.swift */ = {isa = PBXFileReference; lastKnownFileType = sourcecode.swift; path = EventViewController.swift; sourceTree = "<group>"; };
		BB56778923D93E7100AA1496 /* Assets.xcassets */ = {isa = PBXFileReference; lastKnownFileType = folder.assetcatalog; path = Assets.xcassets; sourceTree = "<group>"; };
		BB56778C23D93E7100AA1496 /* Base */ = {isa = PBXFileReference; lastKnownFileType = file.storyboard; name = Base; path = Base.lproj/LaunchScreen.storyboard; sourceTree = "<group>"; };
		BB56778E23D93E7100AA1496 /* Info.plist */ = {isa = PBXFileReference; lastKnownFileType = text.plist.xml; path = Info.plist; sourceTree = "<group>"; };
		BB56779423D945B500AA1496 /* CalendarBar.swift */ = {isa = PBXFileReference; lastKnownFileType = sourcecode.swift; path = CalendarBar.swift; sourceTree = "<group>"; };
		BB56779923D94EE500AA1496 /* Default-568h@2x.png */ = {isa = PBXFileReference; lastKnownFileType = image.png; path = "Default-568h@2x.png"; sourceTree = "<group>"; };
/* End PBXFileReference section */

/* Begin PBXFrameworksBuildPhase section */
		BB56777A23D93E6F00AA1496 /* Frameworks */ = {
			isa = PBXFrameworksBuildPhase;
			buildActionMask = 2147483647;
			files = (
			);
			runOnlyForDeploymentPostprocessing = 0;
		};
/* End PBXFrameworksBuildPhase section */

/* Begin PBXGroup section */
		BB56777423D93E6F00AA1496 = {
			isa = PBXGroup;
			children = (
				BB56779923D94EE500AA1496 /* Default-568h@2x.png */,
				BB56779623D94C8700AA1496 /* Main */,
				BB56777F23D93E6F00AA1496 /* Helper */,
				BB56777E23D93E6F00AA1496 /* Products */,
			);
			sourceTree = "<group>";
		};
		BB56777E23D93E6F00AA1496 /* Products */ = {
			isa = PBXGroup;
			children = (
				BB56777D23D93E6F00AA1496 /* APCC.app */,
			);
			name = Products;
			sourceTree = "<group>";
		};
		BB56777F23D93E6F00AA1496 /* Helper */ = {
			isa = PBXGroup;
			children = (
				BB56778023D93E6F00AA1496 /* AppDelegate.swift */,
				BB56778223D93E6F00AA1496 /* SceneDelegate.swift */,
				BB56778923D93E7100AA1496 /* Assets.xcassets */,
				BB56778B23D93E7100AA1496 /* LaunchScreen.storyboard */,
				BB56778E23D93E7100AA1496 /* Info.plist */,
			);
			path = Helper;
			sourceTree = "<group>";
		};
		BB56779623D94C8700AA1496 /* Main */ = {
			isa = PBXGroup;
			children = (
				BB56778423D93E6F00AA1496 /* EventViewController.swift */,
				BB56779423D945B500AA1496 /* CalendarBar.swift */,
				BB535DA723E0BF6300CB875D /* EventView.swift */,
				BB535DA923E4F45400CB875D /* EventModel.swift */,
				BB535DAB23E4F82400CB875D /* TestData.swift */,
				BB535DAD23E65D8200CB875D /* APCCTabBarController.swift */,
			);
			path = Main;
			sourceTree = "<group>";
		};
/* End PBXGroup section */

/* Begin PBXNativeTarget section */
		BB56777C23D93E6F00AA1496 /* APCC */ = {
			isa = PBXNativeTarget;
			buildConfigurationList = BB56779123D93E7100AA1496 /* Build configuration list for PBXNativeTarget "APCC" */;
			buildPhases = (
				BB56777923D93E6F00AA1496 /* Sources */,
				BB56777A23D93E6F00AA1496 /* Frameworks */,
				BB56777B23D93E6F00AA1496 /* Resources */,
			);
			buildRules = (
			);
			dependencies = (
			);
			name = APCC;
			productName = APCC;
			productReference = BB56777D23D93E6F00AA1496 /* APCC.app */;
			productType = "com.apple.product-type.application";
		};
/* End PBXNativeTarget section */

/* Begin PBXProject section */
		BB56777523D93E6F00AA1496 /* Project object */ = {
			isa = PBXProject;
			attributes = {
				LastSwiftUpdateCheck = 1120;
				LastUpgradeCheck = 1120;
				ORGANIZATIONNAME = Kulanui;
				TargetAttributes = {
					BB56777C23D93E6F00AA1496 = {
						CreatedOnToolsVersion = 11.2.1;
					};
				};
			};
			buildConfigurationList = BB56777823D93E6F00AA1496 /* Build configuration list for PBXProject "APCC" */;
			compatibilityVersion = "Xcode 9.3";
			developmentRegion = en;
			hasScannedForEncodings = 0;
			knownRegions = (
				en,
				Base,
			);
			mainGroup = BB56777423D93E6F00AA1496;
			productRefGroup = BB56777E23D93E6F00AA1496 /* Products */;
			projectDirPath = "";
			projectRoot = "";
			targets = (
				BB56777C23D93E6F00AA1496 /* APCC */,
			);
		};
/* End PBXProject section */

/* Begin PBXResourcesBuildPhase section */
		BB56777B23D93E6F00AA1496 /* Resources */ = {
			isa = PBXResourcesBuildPhase;
			buildActionMask = 2147483647;
			files = (
				BB56778D23D93E7100AA1496 /* LaunchScreen.storyboard in Resources */,
				BB56778A23D93E7100AA1496 /* Assets.xcassets in Resources */,
				BB56779A23D94EE500AA1496 /* Default-568h@2x.png in Resources */,
			);
			runOnlyForDeploymentPostprocessing = 0;
		};
/* End PBXResourcesBuildPhase section */

/* Begin PBXSourcesBuildPhase section */
		BB56777923D93E6F00AA1496 /* Sources */ = {
			isa = PBXSourcesBuildPhase;
			buildActionMask = 2147483647;
			files = (
				BB56778523D93E6F00AA1496 /* EventViewController.swift in Sources */,
				BB56778123D93E6F00AA1496 /* AppDelegate.swift in Sources */,
				BB56778323D93E6F00AA1496 /* SceneDelegate.swift in Sources */,
				BB56779523D945B500AA1496 /* CalendarBar.swift in Sources */,
				BB535DAE23E65D8200CB875D /* APCCTabBarController.swift in Sources */,
				BB535DAA23E4F45400CB875D /* EventModel.swift in Sources */,
				BB535DAC23E4F82400CB875D /* TestData.swift in Sources */,
				BB535DA823E0BF6400CB875D /* EventView.swift in Sources */,
			);
			runOnlyForDeploymentPostprocessing = 0;
		};
/* End PBXSourcesBuildPhase section */

/* Begin PBXVariantGroup section */
		BB56778B23D93E7100AA1496 /* LaunchScreen.storyboard */ = {
			isa = PBXVariantGroup;
			children = (
				BB56778C23D93E7100AA1496 /* Base */,
			);
			name = LaunchScreen.storyboard;
			sourceTree = "<group>";
		};
/* End PBXVariantGroup section */

/* Begin XCBuildConfiguration section */
		BB56778F23D93E7100AA1496 /* Debug */ = {
			isa = XCBuildConfiguration;
			buildSettings = {
				ALWAYS_SEARCH_USER_PATHS = NO;
				CLANG_ANALYZER_NONNULL = YES;
				CLANG_ANALYZER_NUMBER_OBJECT_CONVERSION = YES_AGGRESSIVE;
				CLANG_CXX_LANGUAGE_STANDARD = "gnu++14";
				CLANG_CXX_LIBRARY = "libc++";
				CLANG_ENABLE_MODULES = YES;
				CLANG_ENABLE_OBJC_ARC = YES;
				CLANG_ENABLE_OBJC_WEAK = YES;
				CLANG_WARN_BLOCK_CAPTURE_AUTORELEASING = YES;
				CLANG_WARN_BOOL_CONVERSION = YES;
				CLANG_WARN_COMMA = YES;
				CLANG_WARN_CONSTANT_CONVERSION = YES;
				CLANG_WARN_DEPRECATED_OBJC_IMPLEMENTATIONS = YES;
				CLANG_WARN_DIRECT_OBJC_ISA_USAGE = YES_ERROR;
				CLANG_WARN_DOCUMENTATION_COMMENTS = YES;
				CLANG_WARN_EMPTY_BODY = YES;
				CLANG_WARN_ENUM_CONVERSION = YES;
				CLANG_WARN_INFINITE_RECURSION = YES;
				CLANG_WARN_INT_CONVERSION = YES;
				CLANG_WARN_NON_LITERAL_NULL_CONVERSION = YES;
				CLANG_WARN_OBJC_IMPLICIT_RETAIN_SELF = YES;
				CLANG_WARN_OBJC_LITERAL_CONVERSION = YES;
				CLANG_WARN_OBJC_ROOT_CLASS = YES_ERROR;
				CLANG_WARN_RANGE_LOOP_ANALYSIS = YES;
				CLANG_WARN_STRICT_PROTOTYPES = YES;
				CLANG_WARN_SUSPICIOUS_MOVE = YES;
				CLANG_WARN_UNGUARDED_AVAILABILITY = YES_AGGRESSIVE;
				CLANG_WARN_UNREACHABLE_CODE = YES;
				CLANG_WARN__DUPLICATE_METHOD_MATCH = YES;
				COPY_PHASE_STRIP = NO;
				DEBUG_INFORMATION_FORMAT = dwarf;
				ENABLE_STRICT_OBJC_MSGSEND = YES;
				ENABLE_TESTABILITY = YES;
				GCC_C_LANGUAGE_STANDARD = gnu11;
				GCC_DYNAMIC_NO_PIC = NO;
				GCC_NO_COMMON_BLOCKS = YES;
				GCC_OPTIMIZATION_LEVEL = 0;
				GCC_PREPROCESSOR_DEFINITIONS = (
					"DEBUG=1",
					"$(inherited)",
				);
				GCC_WARN_64_TO_32_BIT_CONVERSION = YES;
				GCC_WARN_ABOUT_RETURN_TYPE = YES_ERROR;
				GCC_WARN_UNDECLARED_SELECTOR = YES;
				GCC_WARN_UNINITIALIZED_AUTOS = YES_AGGRESSIVE;
				GCC_WARN_UNUSED_FUNCTION = YES;
				GCC_WARN_UNUSED_VARIABLE = YES;
				IPHONEOS_DEPLOYMENT_TARGET = 13.2;
				MTL_ENABLE_DEBUG_INFO = INCLUDE_SOURCE;
				MTL_FAST_MATH = YES;
				ONLY_ACTIVE_ARCH = YES;
				SDKROOT = iphoneos;
				SWIFT_ACTIVE_COMPILATION_CONDITIONS = DEBUG;
				SWIFT_OPTIMIZATION_LEVEL = "-Onone";
			};
			name = Debug;
		};
		BB56779023D93E7100AA1496 /* Release */ = {
			isa = XCBuildConfiguration;
			buildSettings = {
				ALWAYS_SEARCH_USER_PATHS = NO;
				CLANG_ANALYZER_NONNULL = YES;
				CLANG_ANALYZER_NUMBER_OBJECT_CONVERSION = YES_AGGRESSIVE;
				CLANG_CXX_LANGUAGE_STANDARD = "gnu++14";
				CLANG_CXX_LIBRARY = "libc++";
				CLANG_ENABLE_MODULES = YES;
				CLANG_ENABLE_OBJC_ARC = YES;
				CLANG_ENABLE_OBJC_WEAK = YES;
				CLANG_WARN_BLOCK_CAPTURE_AUTORELEASING = YES;
				CLANG_WARN_BOOL_CONVERSION = YES;
				CLANG_WARN_COMMA = YES;
				CLANG_WARN_CONSTANT_CONVERSION = YES;
				CLANG_WARN_DEPRECATED_OBJC_IMPLEMENTATIONS = YES;
				CLANG_WARN_DIRECT_OBJC_ISA_USAGE = YES_ERROR;
				CLANG_WARN_DOCUMENTATION_COMMENTS = YES;
				CLANG_WARN_EMPTY_BODY = YES;
				CLANG_WARN_ENUM_CONVERSION = YES;
				CLANG_WARN_INFINITE_RECURSION = YES;
				CLANG_WARN_INT_CONVERSION = YES;
				CLANG_WARN_NON_LITERAL_NULL_CONVERSION = YES;
				CLANG_WARN_OBJC_IMPLICIT_RETAIN_SELF = YES;
				CLANG_WARN_OBJC_LITERAL_CONVERSION = YES;
				CLANG_WARN_OBJC_ROOT_CLASS = YES_ERROR;
				CLANG_WARN_RANGE_LOOP_ANALYSIS = YES;
				CLANG_WARN_STRICT_PROTOTYPES = YES;
				CLANG_WARN_SUSPICIOUS_MOVE = YES;
				CLANG_WARN_UNGUARDED_AVAILABILITY = YES_AGGRESSIVE;
				CLANG_WARN_UNREACHABLE_CODE = YES;
				CLANG_WARN__DUPLICATE_METHOD_MATCH = YES;
				COPY_PHASE_STRIP = NO;
				DEBUG_INFORMATION_FORMAT = "dwarf-with-dsym";
				ENABLE_NS_ASSERTIONS = NO;
				ENABLE_STRICT_OBJC_MSGSEND = YES;
				GCC_C_LANGUAGE_STANDARD = gnu11;
				GCC_NO_COMMON_BLOCKS = YES;
				GCC_WARN_64_TO_32_BIT_CONVERSION = YES;
				GCC_WARN_ABOUT_RETURN_TYPE = YES_ERROR;
				GCC_WARN_UNDECLARED_SELECTOR = YES;
				GCC_WARN_UNINITIALIZED_AUTOS = YES_AGGRESSIVE;
				GCC_WARN_UNUSED_FUNCTION = YES;
				GCC_WARN_UNUSED_VARIABLE = YES;
				IPHONEOS_DEPLOYMENT_TARGET = 13.2;
				MTL_ENABLE_DEBUG_INFO = NO;
				MTL_FAST_MATH = YES;
				SDKROOT = iphoneos;
				SWIFT_COMPILATION_MODE = wholemodule;
				SWIFT_OPTIMIZATION_LEVEL = "-O";
				VALIDATE_PRODUCT = YES;
			};
			name = Release;
		};
		BB56779223D93E7100AA1496 /* Debug */ = {
			isa = XCBuildConfiguration;
			buildSettings = {
				ASSETCATALOG_COMPILER_APPICON_NAME = AppIcon;
				CODE_SIGN_STYLE = Automatic;
				DEVELOPMENT_TEAM = KHCAKYT5Y9;
				INFOPLIST_FILE = "$(SRCROOT)/Helper/Info.plist";
				LD_RUNPATH_SEARCH_PATHS = (
					"$(inherited)",
					"@executable_path/Frameworks",
				);
				PRODUCT_BUNDLE_IDENTIFIER = com.Kulanui.APCC;
				PRODUCT_NAME = "$(TARGET_NAME)";
				SWIFT_VERSION = 5.0;
				TARGETED_DEVICE_FAMILY = "1,2";
			};
			name = Debug;
		};
		BB56779323D93E7100AA1496 /* Release */ = {
			isa = XCBuildConfiguration;
			buildSettings = {
				ASSETCATALOG_COMPILER_APPICON_NAME = AppIcon;
				CODE_SIGN_STYLE = Automatic;
				DEVELOPMENT_TEAM = KHCAKYT5Y9;
				INFOPLIST_FILE = "$(SRCROOT)/Helper/Info.plist";
				LD_RUNPATH_SEARCH_PATHS = (
					"$(inherited)",
					"@executable_path/Frameworks",
				);
				PRODUCT_BUNDLE_IDENTIFIER = com.Kulanui.APCC;
				PRODUCT_NAME = "$(TARGET_NAME)";
				SWIFT_VERSION = 5.0;
				TARGETED_DEVICE_FAMILY = "1,2";
			};
			name = Release;
		};
/* End XCBuildConfiguration section */

/* Begin XCConfigurationList section */
		BB56777823D93E6F00AA1496 /* Build configuration list for PBXProject "APCC" */ = {
			isa = XCConfigurationList;
			buildConfigurations = (
				BB56778F23D93E7100AA1496 /* Debug */,
				BB56779023D93E7100AA1496 /* Release */,
			);
			defaultConfigurationIsVisible = 0;
			defaultConfigurationName = Release;
		};
		BB56779123D93E7100AA1496 /* Build configuration list for PBXNativeTarget "APCC" */ = {
			isa = XCConfigurationList;
			buildConfigurations = (
				BB56779223D93E7100AA1496 /* Debug */,
				BB56779323D93E7100AA1496 /* Release */,
			);
			defaultConfigurationIsVisible = 0;
			defaultConfigurationName = Release;
		};
/* End XCConfigurationList section */
	};
	rootObject = BB56777523D93E6F00AA1496 /* Project object */;
}
